
Microsoft Visual Studio Solution File, Format Version 12.00
# Visual Studio Version 17
VisualStudioVersion = 17.1.32421.90
MinimumVisualStudioVersion = 10.0.40219.1
Project("{FAE04EC0-301F-11D3-BF4B-00C04F79EFBC}") = "Matrix", "Matrix\Matrix.csproj", "{CC649E3F-57A8-4001-97AC-82AF555C2EEB}"
EndProject
Global
	GlobalSection(SolutionConfigurationPlatforms) = preSolution
		Debug|Any CPU = Debug|Any CPU
		Release|Any CPU = Release|Any CPU
	EndGlobalSection
	GlobalSection(ProjectConfigurationPlatforms) = postSolution
		{CC649E3F-57A8-4001-97AC-82AF555C2EEB}.Debug|Any CPU.ActiveCfg = Debug|Any CPU
		{CC649E3F-57A8-4001-97AC-82AF555C2EEB}.Debug|Any CPU.Build.0 = Debug|Any CPU
		{CC649E3F-57A8-4001-97AC-82AF555C2EEB}.Release|Any CPU.ActiveCfg = Release|Any CPU
		{CC649E3F-57A8-4001-97AC-82AF555C2EEB}.Release|Any CPU.Build.0 = Release|Any CPU
	EndGlobalSection
	GlobalSection(SolutionProperties) = preSolution
		HideSolutionNode = FALSE
	EndGlobalSection
	GlobalSection(ExtensibilityGlobals) = postSolution
		SolutionGuid = {93A620CE-4914-4A8E-97B9-BEB649802B27}
	EndGlobalSection
EndGlobal
